Microsoft Visual Studio Solution File, Format Version 12.00
# Visual Studio Version 17
VisualStudioVersion = 17.12.35521.163
MinimumVisualStudioVersion = 10.0.40219.1
Project("{2150E333-8FDC-42A3-9474-1A3956D46DE8}") = "src", "src", "{B373DF34-8591-4941-8232-01590858D620}"
EndProject
Project("{2150E333-8FDC-42A3-9474-1A3956D46DE8}") = "tests", "tests", "{BD4BE7DC-0A9A-4DDE-B5E0-1133E61293FD}"
EndProject
Project("{2150E333-8FDC-42A3-9474-1A3956D46DE8}") = "AuctionService", "AuctionService", "{B4DA79B5-DCC4-4C30-B63B-91F9EAD546F1}"
EndProject
Project("{FAE04EC0-301F-11D3-BF4B-00C04F79EFBC}") = "AuctionService.API", "src\AuctionService\AuctionService.API\AuctionService.API.csproj", "{0696333E-3DFF-4D94-8D2E-031ACE63C217}"
EndProject
Project("{FAE04EC0-301F-11D3-BF4B-00C04F79EFBC}") = "Carsties.Core", "src\Carsties.Core\Carsties.Core.csproj", "{90399ADB-CA97-4ED1-9117-2C6E50579B33}"
EndProject
Project("{FAE04EC0-301F-11D3-BF4B-00C04F79EFBC}") = "Auction.Infrastructure", "src\AuctionService\Auction.Infrastructure\Auction.Infrastructure.csproj", "{34F9A5F7-2B54-4C80-B16C-1C1F8A6B937A}"
EndProject
Project("{FAE04EC0-301F-11D3-BF4B-00C04F79EFBC}") = "Auction.Domain", "src\AuctionService\Auction.Domain\Auction.Domain.csproj", "{F2013C64-5059-4F4A-831B-C31049592E00}"
EndProject
Project("{FAE04EC0-301F-11D3-BF4B-00C04F79EFBC}") = "Auction.Application", "src\AuctionService\Auction.Application\Auction.Application.csproj", "{1A27367C-EBDF-4B98-BD3B-B89EE15D324E}"
EndProject
Project("{FAE04EC0-301F-11D3-BF4B-00C04F79EFBC}") = "Auction.Contract", "src\AuctionService\Auction.Contract\Auction.Contract.csproj", "{24FDB6B1-9173-4E36-86EB-7C4050E6421C}"
EndProject
Project("{2150E333-8FDC-42A3-9474-1A3956D46DE8}") = "SearchService", "SearchService", "{B8498D7F-2290-4E78-9BDC-B0248ED9F62E}"
EndProject
Project("{FAE04EC0-301F-11D3-BF4B-00C04F79EFBC}") = "SearchService.API", "src\SearchService\SearchService.API\SearchService.API.csproj", "{C0EF7BC2-0A02-484E-A91A-C1BC4CE9A84E}"
EndProject
Project("{FAE04EC0-301F-11D3-BF4B-00C04F79EFBC}") = "Search.Application", "src\SearchService\Search.Application\Search.Application.csproj", "{FCD55305-8126-4BE8-B1E4-D58BC0B4B440}"
EndProject
Project("{FAE04EC0-301F-11D3-BF4B-00C04F79EFBC}") = "Search.Contract", "src\SearchService\Search.Contract\Search.Contract.csproj", "{6ACE0ABF-5D57-4378-B1CF-4880E427C43B}"
EndProject
Project("{FAE04EC0-301F-11D3-BF4B-00C04F79EFBC}") = "Search.Domain", "src\SearchService\Search.Domain\Search.Domain.csproj", "{EA98EA46-9BA1-49F6-87C4-3039DB9299FC}"
EndProject
Project("{FAE04EC0-301F-11D3-BF4B-00C04F79EFBC}") = "Search.Infrastructure", "src\SearchService\Search.Infrastructure\Search.Infrastructure.csproj", "{9BD1173F-3566-4A23-B720-128234A2D8DD}"
EndProject
Project("{2150E333-8FDC-42A3-9474-1A3956D46DE8}") = "Solution Items", "Solution Items", "{66219021-13B6-4842-A1D9-E8F7AD804249}"
	ProjectSection(SolutionItems) = preProject
		Directory.Packages.props = Directory.Packages.props
	EndProjectSection
EndProject
Project("{FAE04EC0-301F-11D3-BF4B-00C04F79EFBC}") = "IdentityService", "src\IdentityService\IdentityService.csproj", "{62DFB934-39E9-4D24-9795-ED7AE01B9B11}"
EndProject
Project("{2150E333-8FDC-42A3-9474-1A3956D46DE8}") = "IdentityService", "IdentityService", "{67D8E929-8C23-4DE4-B59A-65622493FFCC}"
EndProject
Project("{FAE04EC0-301F-11D3-BF4B-00C04F79EFBC}") = "GatewayService", "src\GatewayService\GatewayService.csproj", "{5F1B9731-DA55-4922-9D15-40022A128006}"
EndProject
Project("{2150E333-8FDC-42A3-9474-1A3956D46DE8}") = "GatewayService", "GatewayService", "{6E3BEBE0-F41C-49D7-8D71-7E5ADBE1908C}"
EndProject
Project("{FAE04EC0-301F-11D3-BF4B-00C04F79EFBC}") = "Carsties.AppHost", "src\Carsties.AppHost\Carsties.AppHost.csproj", "{17C83F40-BAD7-4C29-BAA9-52564337D575}"
EndProject
Project("{FAE04EC0-301F-11D3-BF4B-00C04F79EFBC}") = "Carsties.ServiceDefaults", "src\Carsties.ServiceDefaults\Carsties.ServiceDefaults.csproj", "{74454196-C2F8-4793-B365-387968E4952D}"
EndProject
Global
	GlobalSection(SolutionConfigurationPlatforms) = preSolution
		Debug|Any CPU = Debug|Any CPU
		Release|Any CPU = Release|Any CPU
	EndGlobalSection
	GlobalSection(ProjectConfigurationPlatforms) = postSolution
		{0696333E-3DFF-4D94-8D2E-031ACE63C217}.Debug|Any CPU.ActiveCfg = Debug|Any CPU
		{0696333E-3DFF-4D94-8D2E-031ACE63C217}.Debug|Any CPU.Build.0 = Debug|Any CPU
		{0696333E-3DFF-4D94-8D2E-031ACE63C217}.Release|Any CPU.ActiveCfg = Release|Any CPU
		{0696333E-3DFF-4D94-8D2E-031ACE63C217}.Release|Any CPU.Build.0 = Release|Any CPU
		{90399ADB-CA97-4ED1-9117-2C6E50579B33}.Debug|Any CPU.ActiveCfg = Debug|Any CPU
		{90399ADB-CA97-4ED1-9117-2C6E50579B33}.Debug|Any CPU.Build.0 = Debug|Any CPU
		{90399ADB-CA97-4ED1-9117-2C6E50579B33}.Release|Any CPU.ActiveCfg = Release|Any CPU
		{90399ADB-CA97-4ED1-9117-2C6E50579B33}.Release|Any CPU.Build.0 = Release|Any CPU
		{34F9A5F7-2B54-4C80-B16C-1C1F8A6B937A}.Debug|Any CPU.ActiveCfg = Debug|Any CPU
		{34F9A5F7-2B54-4C80-B16C-1C1F8A6B937A}.Debug|Any CPU.Build.0 = Debug|Any CPU
		{34F9A5F7-2B54-4C80-B16C-1C1F8A6B937A}.Release|Any CPU.ActiveCfg = Release|Any CPU
		{34F9A5F7-2B54-4C80-B16C-1C1F8A6B937A}.Release|Any CPU.Build.0 = Release|Any CPU
		{F2013C64-5059-4F4A-831B-C31049592E00}.Debug|Any CPU.ActiveCfg = Debug|Any CPU
		{F2013C64-5059-4F4A-831B-C31049592E00}.Debug|Any CPU.Build.0 = Debug|Any CPU
		{F2013C64-5059-4F4A-831B-C31049592E00}.Release|Any CPU.ActiveCfg = Release|Any CPU
		{F2013C64-5059-4F4A-831B-C31049592E00}.Release|Any CPU.Build.0 = Release|Any CPU
		{1A27367C-EBDF-4B98-BD3B-B89EE15D324E}.Debug|Any CPU.ActiveCfg = Debug|Any CPU
		{1A27367C-EBDF-4B98-BD3B-B89EE15D324E}.Debug|Any CPU.Build.0 = Debug|Any CPU
		{1A27367C-EBDF-4B98-BD3B-B89EE15D324E}.Release|Any CPU.ActiveCfg = Release|Any CPU
		{1A27367C-EBDF-4B98-BD3B-B89EE15D324E}.Release|Any CPU.Build.0 = Release|Any CPU
		{24FDB6B1-9173-4E36-86EB-7C4050E6421C}.Debug|Any CPU.ActiveCfg = Debug|Any CPU
		{24FDB6B1-9173-4E36-86EB-7C4050E6421C}.Debug|Any CPU.Build.0 = Debug|Any CPU
		{24FDB6B1-9173-4E36-86EB-7C4050E6421C}.Release|Any CPU.ActiveCfg = Release|Any CPU
		{24FDB6B1-9173-4E36-86EB-7C4050E6421C}.Release|Any CPU.Build.0 = Release|Any CPU
		{C0EF7BC2-0A02-484E-A91A-C1BC4CE9A84E}.Debug|Any CPU.ActiveCfg = Debug|Any CPU
		{C0EF7BC2-0A02-484E-A91A-C1BC4CE9A84E}.Debug|Any CPU.Build.0 = Debug|Any CPU
		{C0EF7BC2-0A02-484E-A91A-C1BC4CE9A84E}.Release|Any CPU.ActiveCfg = Release|Any CPU
		{C0EF7BC2-0A02-484E-A91A-C1BC4CE9A84E}.Release|Any CPU.Build.0 = Release|Any CPU
		{FCD55305-8126-4BE8-B1E4-D58BC0B4B440}.Debug|Any CPU.ActiveCfg = Debug|Any CPU
		{FCD55305-8126-4BE8-B1E4-D58BC0B4B440}.Debug|Any CPU.Build.0 = Debug|Any CPU
		{FCD55305-8126-4BE8-B1E4-D58BC0B4B440}.Release|Any CPU.ActiveCfg = Release|Any CPU
		{FCD55305-8126-4BE8-B1E4-D58BC0B4B440}.Release|Any CPU.Build.0 = Release|Any CPU
		{6ACE0ABF-5D57-4378-B1CF-4880E427C43B}.Debug|Any CPU.ActiveCfg = Debug|Any CPU
		{6ACE0ABF-5D57-4378-B1CF-4880E427C43B}.Debug|Any CPU.Build.0 = Debug|Any CPU
		{6ACE0ABF-5D57-4378-B1CF-4880E427C43B}.Release|Any CPU.ActiveCfg = Release|Any CPU
		{6ACE0ABF-5D57-4378-B1CF-4880E427C43B}.Release|Any CPU.Build.0 = Release|Any CPU
		{EA98EA46-9BA1-49F6-87C4-3039DB9299FC}.Debug|Any CPU.ActiveCfg = Debug|Any CPU
		{EA98EA46-9BA1-49F6-87C4-3039DB9299FC}.Debug|Any CPU.Build.0 = Debug|Any CPU
		{EA98EA46-9BA1-49F6-87C4-3039DB9299FC}.Release|Any CPU.ActiveCfg = Release|Any CPU
		{EA98EA46-9BA1-49F6-87C4-3039DB9299FC}.Release|Any CPU.Build.0 = Release|Any CPU
		{9BD1173F-3566-4A23-B720-128234A2D8DD}.Debug|Any CPU.ActiveCfg = Debug|Any CPU
		{9BD1173F-3566-4A23-B720-128234A2D8DD}.Debug|Any CPU.Build.0 = Debug|Any CPU
		{9BD1173F-3566-4A23-B720-128234A2D8DD}.Release|Any CPU.ActiveCfg = Release|Any CPU
		{9BD1173F-3566-4A23-B720-128234A2D8DD}.Release|Any CPU.Build.0 = Release|Any CPU
		{62DFB934-39E9-4D24-9795-ED7AE01B9B11}.Debug|Any CPU.ActiveCfg = Debug|Any CPU
		{62DFB934-39E9-4D24-9795-ED7AE01B9B11}.Debug|Any CPU.Build.0 = Debug|Any CPU
		{62DFB934-39E9-4D24-9795-ED7AE01B9B11}.Release|Any CPU.ActiveCfg = Release|Any CPU
		{62DFB934-39E9-4D24-9795-ED7AE01B9B11}.Release|Any CPU.Build.0 = Release|Any CPU
		{5F1B9731-DA55-4922-9D15-40022A128006}.Debug|Any CPU.ActiveCfg = Debug|Any CPU
		{5F1B9731-DA55-4922-9D15-40022A128006}.Debug|Any CPU.Build.0 = Debug|Any CPU
		{5F1B9731-DA55-4922-9D15-40022A128006}.Release|Any CPU.ActiveCfg = Release|Any CPU
		{5F1B9731-DA55-4922-9D15-40022A128006}.Release|Any CPU.Build.0 = Release|Any CPU
		{17C83F40-BAD7-4C29-BAA9-52564337D575}.Debug|Any CPU.ActiveCfg = Debug|Any CPU
		{17C83F40-BAD7-4C29-BAA9-52564337D575}.Debug|Any CPU.Build.0 = Debug|Any CPU
		{17C83F40-BAD7-4C29-BAA9-52564337D575}.Release|Any CPU.ActiveCfg = Release|Any CPU
		{17C83F40-BAD7-4C29-BAA9-52564337D575}.Release|Any CPU.Build.0 = Release|Any CPU
		{74454196-C2F8-4793-B365-387968E4952D}.Debug|Any CPU.ActiveCfg = Debug|Any CPU
		{74454196-C2F8-4793-B365-387968E4952D}.Debug|Any CPU.Build.0 = Debug|Any CPU
		{74454196-C2F8-4793-B365-387968E4952D}.Release|Any CPU.ActiveCfg = Release|Any CPU
		{74454196-C2F8-4793-B365-387968E4952D}.Release|Any CPU.Build.0 = Release|Any CPU
	EndGlobalSection
	GlobalSection(SolutionProperties) = preSolution
		HideSolutionNode = FALSE
	EndGlobalSection
	GlobalSection(NestedProjects) = preSolution
		{B4DA79B5-DCC4-4C30-B63B-91F9EAD546F1} = {B373DF34-8591-4941-8232-01590858D620}
		{0696333E-3DFF-4D94-8D2E-031ACE63C217} = {B4DA79B5-DCC4-4C30-B63B-91F9EAD546F1}
		{90399ADB-CA97-4ED1-9117-2C6E50579B33} = {B373DF34-8591-4941-8232-01590858D620}
		{34F9A5F7-2B54-4C80-B16C-1C1F8A6B937A} = {B4DA79B5-DCC4-4C30-B63B-91F9EAD546F1}
		{F2013C64-5059-4F4A-831B-C31049592E00} = {B4DA79B5-DCC4-4C30-B63B-91F9EAD546F1}
		{1A27367C-EBDF-4B98-BD3B-B89EE15D324E} = {B4DA79B5-DCC4-4C30-B63B-91F9EAD546F1}
		{24FDB6B1-9173-4E36-86EB-7C4050E6421C} = {B4DA79B5-DCC4-4C30-B63B-91F9EAD546F1}
		{B8498D7F-2290-4E78-9BDC-B0248ED9F62E} = {B373DF34-8591-4941-8232-01590858D620}
		{C0EF7BC2-0A02-484E-A91A-C1BC4CE9A84E} = {B8498D7F-2290-4E78-9BDC-B0248ED9F62E}
		{FCD55305-8126-4BE8-B1E4-D58BC0B4B440} = {B8498D7F-2290-4E78-9BDC-B0248ED9F62E}
		{6ACE0ABF-5D57-4378-B1CF-4880E427C43B} = {B8498D7F-2290-4E78-9BDC-B0248ED9F62E}
		{EA98EA46-9BA1-49F6-87C4-3039DB9299FC} = {B8498D7F-2290-4E78-9BDC-B0248ED9F62E}
		{9BD1173F-3566-4A23-B720-128234A2D8DD} = {B8498D7F-2290-4E78-9BDC-B0248ED9F62E}
		{67D8E929-8C23-4DE4-B59A-65622493FFCC} = {B373DF34-8591-4941-8232-01590858D620}
		{62DFB934-39E9-4D24-9795-ED7AE01B9B11} = {67D8E929-8C23-4DE4-B59A-65622493FFCC}
		{6E3BEBE0-F41C-49D7-8D71-7E5ADBE1908C} = {B373DF34-8591-4941-8232-01590858D620}
		{5F1B9731-DA55-4922-9D15-40022A128006} = {6E3BEBE0-F41C-49D7-8D71-7E5ADBE1908C}
		{17C83F40-BAD7-4C29-BAA9-52564337D575} = {B373DF34-8591-4941-8232-01590858D620}
		{74454196-C2F8-4793-B365-387968E4952D} = {B373DF34-8591-4941-8232-01590858D620}
	EndGlobalSection
EndGlobal
